PODS:
  - HaishinKit (1.1.6):
    - Logboard (~> 2.2.1)
  - Logboard (2.2.2)
  - SwiftIcons (2.2.0)
  - UZBroadcast (2.0):
    - HaishinKit (~> 1.1.6)

DEPENDENCIES:
  - HaishinKit
  - SwiftIcons
  - UZBroadcast (from `./`)

SPEC REPOS:
  trunk:
    - HaishinKit
    - Logboard
    - SwiftIcons

EXTERNAL SOURCES:
  UZBroadcast:
    :path: "./"

SPEC CHECKSUMS:
  HaishinKit: 039ba3750939c0caac59ea7f45dc5fda0c8e1a1e
  Logboard: 0ab6bbd984ed032b3f0b615cef06779a73445c80
  SwiftIcons: e7eb9bf2b475d6bdd8b37c5bdedc6d120aab0829
  UZBroadcast: 1b0e96fb830f5f910a6e5978c3671c1e1743c410

PODFILE CHECKSUM: 6e680b8125d3d878bcfcaf96810a8ee10f5b3d91

COCOAPODS: 1.11.2
