{
  "object": {
    "pins": [
      {
        "package": "FrameLayoutKit",
        "repositoryURL": "https://github.com/kennic/FrameLayoutKit",
        "state": {
          "branch": "master",
          "revision": "aad99819786662376d750da4767e90d59c788cf1",
          "version": null
        }
      },
      {
        "package": "NKButton",
        "repositoryURL": "https://github.com/kennic/NKButton",
        "state": {
          "branch": "master",
          "revision": "aed07c2e504a38d9a19780c527d5f49ba0408770",
          "version": null
        }
      },
      {
        "package": "NVActivityIndicatorView",
        "repositoryURL": "https://github.com/ninjaprox/NVActivityIndicatorView.git",
        "state": {
          "branch": null,
          "revision": "4a4726d15367d82bd3e9e1f01625bd76dbbb0c98",
          "version": "4.8.0"
        }
      }
    ]
  },
  "version": 1
}
